
Microsoft Visual Studio Solution File, Format Version 11.00
# Visual Studio 2010
Project("{FAE04EC0-301F-11D3-BF4B-00C04F79EFBC}") = "SeansRPGDice", "SeansRPGDice\SeansRPGDice.csproj", "{7A984321-F2E6-460A-8F83-37246FDC4CB1}"
EndProject
Project("{54435603-DBB4-11D2-8724-00A0C9A8B90C}") = "SRD Installer", "SRD Installer\SRD Installer.vdproj", "{E78DF0A7-1B2B-4E4F-ABF3-D49F62B04EC8}"
EndProject
Global
	GlobalSection(SubversionScc) = preSolution
		Svn-Managed = True
		Manager = AnkhSVN - Subversion Support for Visual Studio
	EndGlobalSection
	GlobalSection(SolutionConfigurationPlatforms) = preSolution
		Debug|Any CPU = Debug|Any CPU
		Release|Any CPU = Release|Any CPU
	EndGlobalSection
	GlobalSection(ProjectConfigurationPlatforms) = postSolution
		{7A984321-F2E6-460A-8F83-37246FDC4CB1}.Debug|Any CPU.ActiveCfg = Debug|Any CPU
		{7A984321-F2E6-460A-8F83-37246FDC4CB1}.Debug|Any CPU.Build.0 = Debug|Any CPU
		{7A984321-F2E6-460A-8F83-37246FDC4CB1}.Release|Any CPU.ActiveCfg = Release|Any CPU
		{7A984321-F2E6-460A-8F83-37246FDC4CB1}.Release|Any CPU.Build.0 = Release|Any CPU
		{E78DF0A7-1B2B-4E4F-ABF3-D49F62B04EC8}.Debug|Any CPU.ActiveCfg = Debug
		{E78DF0A7-1B2B-4E4F-ABF3-D49F62B04EC8}.Release|Any CPU.ActiveCfg = Release
	EndGlobalSection
	GlobalSection(SolutionProperties) = preSolution
		HideSolutionNode = FALSE
	EndGlobalSection
EndGlobal
